
Microsoft Visual Studio Solution File, Format Version 12.00
# Visual Studio 14
VisualStudioVersion = 14.0.24720.0
MinimumVisualStudioVersion = 10.0.40219.1
Project("{FAE04EC0-301F-11D3-BF4B-00C04F79EFBC}") = "Assembly.Common", "Assembly.Common\Assembly.Common.csproj", "{CB78D7CE-0C7B-490D-BFB0-764A9227AE36}"
EndProject
Project("{2150E333-8FDC-42A3-9474-1A3956D46DE8}") = "UnitTests", "UnitTests", "{A4A1D8C5-7F1F-42F3-8323-A353D8D770E2}"
EndProject
Project("{FAE04EC0-301F-11D3-BF4B-00C04F79EFBC}") = "Carpenter.FeatureTests", "Carpenter.FeatureTests\Carpenter.FeatureTests.csproj", "{37A13877-49FC-451D-B53A-89A8CA2D5FEC}"
EndProject
Global
	GlobalSection(SolutionConfigurationPlatforms) = preSolution
		Debug|Any CPU = Debug|Any CPU
		Release|Any CPU = Release|Any CPU
	EndGlobalSection
	GlobalSection(ProjectConfigurationPlatforms) = postSolution
		{CB78D7CE-0C7B-490D-BFB0-764A9227AE36}.Debug|Any CPU.ActiveCfg = Debug|Any CPU
		{CB78D7CE-0C7B-490D-BFB0-764A9227AE36}.Debug|Any CPU.Build.0 = Debug|Any CPU
		{CB78D7CE-0C7B-490D-BFB0-764A9227AE36}.Release|Any CPU.ActiveCfg = Release|Any CPU
		{CB78D7CE-0C7B-490D-BFB0-764A9227AE36}.Release|Any CPU.Build.0 = Release|Any CPU
		{37A13877-49FC-451D-B53A-89A8CA2D5FEC}.Debug|Any CPU.ActiveCfg = Debug|Any CPU
		{37A13877-49FC-451D-B53A-89A8CA2D5FEC}.Debug|Any CPU.Build.0 = Debug|Any CPU
		{37A13877-49FC-451D-B53A-89A8CA2D5FEC}.Release|Any CPU.ActiveCfg = Release|Any CPU
		{37A13877-49FC-451D-B53A-89A8CA2D5FEC}.Release|Any CPU.Build.0 = Release|Any CPU
	EndGlobalSection
	GlobalSection(SolutionProperties) = preSolution
		HideSolutionNode = FALSE
	EndGlobalSection
EndGlobal
